{
  "name": "ai-image-generation",
  "lockfileVersion": 3,
  "requires": true,
  "packages": {
    "": {
      "name": "ai-image-generation",
      "devDependencies": {
        "prettier": "^3.5.0",
        "prisma": "^6.3.1",
        "turbo": "^2.4.2",
        "typescript": "5.7.3"
      },
      "engines": {
        "node": ">=18"
      }
    },
    "node_modules/@prisma/debug": {
      "version": "6.3.1",
      "dev": true,
      "license": "Apache-2.0"
    },
    "node_modules/@prisma/engines": {
      "version": "6.3.1",
      "dev": true,
      "hasInstallScript": true,
      "license": "Apache-2.0",
      "dependencies": {
        "@prisma/debug": "6.3.1",
        "@prisma/engines-version": "6.3.0-17.acc0b9dd43eb689cbd20c9470515d719db10d0b0",
        "@prisma/fetch-engine": "6.3.1",
        "@prisma/get-platform": "6.3.1"
      }
    },
    "node_modules/@prisma/engines-version": {
      "version": "6.3.0-17.acc0b9dd43eb689cbd20c9470515d719db10d0b0",
      "dev": true,
      "license": "Apache-2.0"
    },
    "node_modules/@prisma/fetch-engine": {
      "version": "6.3.1",
      "dev": true,
      "license": "Apache-2.0",
      "dependencies": {
        "@prisma/debug": "6.3.1",
        "@prisma/engines-version": "6.3.0-17.acc0b9dd43eb689cbd20c9470515d719db10d0b0",
        "@prisma/get-platform": "6.3.1"
      }
    },
    "node_modules/@prisma/get-platform": {
      "version": "6.3.1",
      "dev": true,
      "license": "Apache-2.0",
      "dependencies": {
        "@prisma/debug": "6.3.1"
      }
    },
    "node_modules/prettier": {
      "version": "3.5.1",
      "dev": true,
      "license": "MIT",
      "bin": {
        "prettier": "bin/prettier.cjs"
      },
      "engines": {
        "node": ">=14"
      },
      "funding": {
        "url": "https://github.com/prettier/prettier?sponsor=1"
      }
    },
    "node_modules/prisma": {
      "version": "6.3.1",
      "dev": true,
      "hasInstallScript": true,
      "license": "Apache-2.0",
      "dependencies": {
        "@prisma/engines": "6.3.1"
      },
      "bin": {
        "prisma": "build/index.js"
      },
      "engines": {
        "node": ">=18.18"
      },
      "optionalDependencies": {
        "fsevents": "2.3.3"
      },
      "peerDependencies": {
        "typescript": ">=5.1.0"
      },
      "peerDependenciesMeta": {
        "typescript": {
          "optional": true
        }
      }
    },
    "node_modules/turbo": {
      "version": "2.4.2",
      "dev": true,
      "license": "MIT",
      "bin": {
        "turbo": "bin/turbo"
      },
      "optionalDependencies": {
        "turbo-darwin-64": "2.4.2",
        "turbo-darwin-arm64": "2.4.2",
        "turbo-linux-64": "2.4.2",
        "turbo-linux-arm64": "2.4.2",
        "turbo-windows-64": "2.4.2",
        "turbo-windows-arm64": "2.4.2"
      }
    },
    "node_modules/turbo-windows-64": {
      "version": "2.4.2",
      "cpu": [
        "x64"
      ],
      "dev": true,
      "license": "MIT",
      "optional": true,
      "os": [
        "win32"
      ]
    },
    "node_modules/typescript": {
      "version": "5.7.3",
      "dev": true,
      "license": "Apache-2.0",
      "bin": {
        "tsc": "bin/tsc",
        "tsserver": "bin/tsserver"
      },
      "engines": {
        "node": ">=14.17"
      }
    }
  }
}
